// !$*UTF8*$!
{
	archiveVersion = 1;
	classes = {
	};
	objectVersion = 46;
	objects = {

/* Begin PBXBuildFile section */
		496061BF1F5DEEBA00AF011D /* AppDelegate.swift in Sources */ = {isa = PBXBuildFile; fileRef = 496061BE1F5DEEBA00AF011D /* AppDelegate.swift */; };
		496061C11F5DEEBA00AF011D /* ViewController.swift in Sources */ = {isa = PBXBuildFile; fileRef = 496061C01F5DEEBA00AF011D /* ViewController.swift */; };
		496061C41F5DEEBA00AF011D /* Main.storyboard in Resources */ = {isa = PBXBuildFile; fileRef = 496061C21F5DEEBA00AF011D /* Main.storyboard */; };
		496061C61F5DEEBA00AF011D /* Assets.xcassets in Resources */ = {isa = PBXBuildFile; fileRef = 496061C51F5DEEBA00AF011D /* Assets.xcassets */; };
		496061C91F5DEEBA00AF011D /* LaunchScreen.storyboard in Resources */ = {isa = PBXBuildFile; fileRef = 496061C71F5DEEBA00AF011D /* LaunchScreen.storyboard */; };
		496061D41F5DEEBA00AF011D /* ShowcastTests.swift in Sources */ = {isa = PBXBuildFile; fileRef = 496061D31F5DEEBA00AF011D /* ShowcastTests.swift */; };
		496061DF1F5DEEBA00AF011D /* ShowcastUITests.swift in Sources */ = {isa = PBXBuildFile; fileRef = 496061DE1F5DEEBA00AF011D /* ShowcastUITests.swift */; };
/* End PBXBuildFile section */

/* Begin PBXContainerItemProxy section */
		496061D01F5DEEBA00AF011D /* PBXContainerItemProxy */ = {
			isa = PBXContainerItemProxy;
			containerPortal = 496061B31F5DEEB900AF011D /* Project object */;
			proxyType = 1;
			remoteGlobalIDString = 496061BA1F5DEEB900AF011D;
			remoteInfo = Showcast;
		};
		496061DB1F5DEEBA00AF011D /* PBXContainerItemProxy */ = {
			isa = PBXContainerItemProxy;
			containerPortal = 496061B31F5DEEB900AF011D /* Project object */;
			proxyType = 1;
			remoteGlobalIDString = 496061BA1F5DEEB900AF011D;
			remoteInfo = Showcast;
		};
/* End PBXContainerItemProxy section */

/* Begin PBXFileReference section */
		496061BB1F5DEEBA00AF011D /* Showcast.app */ = {isa = PBXFileReference; explicitFileType = wrapper.application; includeInIndex = 0; path = Showcast.app; sourceTree = BUILT_PRODUCTS_DIR; };
		496061BE1F5DEEBA00AF011D /* AppDelegate.swift */ = {isa = PBXFileReference; lastKnownFileType = sourcecode.swift; path = AppDelegate.swift; sourceTree = "<group>"; };
		496061C01F5DEEBA00AF011D /* ViewController.swift */ = {isa = PBXFileReference; lastKnownFileType = sourcecode.swift; path = ViewController.swift; sourceTree = "<group>"; };
		496061C31F5DEEBA00AF011D /* Base */ = {isa = PBXFileReference; lastKnownFileType = file.storyboard; name = Base; path = Base.lproj/Main.storyboard; sourceTree = "<group>"; };
		496061C51F5DEEBA00AF011D /* Assets.xcassets */ = {isa = PBXFileReference; lastKnownFileType = folder.assetcatalog; path = Assets.xcassets; sourceTree = "<group>"; };
		496061C81F5DEEBA00AF011D /* Base */ = {isa = PBXFileReference; lastKnownFileType = file.storyboard; name = Base; path = Base.lproj/LaunchScreen.storyboard; sourceTree = "<group>"; };
		496061CA1F5DEEBA00AF011D /* Info.plist */ = {isa = PBXFileReference; lastKnownFileType = text.plist.xml; path = Info.plist; sourceTree = "<group>"; };
		496061CF1F5DEEBA00AF011D /* ShowcastTests.xctest */ = {isa = PBXFileReference; explicitFileType = wrapper.cfbundle; includeInIndex = 0; path = ShowcastTests.xctest; sourceTree = BUILT_PRODUCTS_DIR; };
		496061D31F5DEEBA00AF011D /* ShowcastTests.swift */ = {isa = PBXFileReference; lastKnownFileType = sourcecode.swift; path = ShowcastTests.swift; sourceTree = "<group>"; };
		496061D51F5DEEBA00AF011D /* Info.plist */ = {isa = PBXFileReference; lastKnownFileType = text.plist.xml; path = Info.plist; sourceTree = "<group>"; };
		496061DA1F5DEEBA00AF011D /* ShowcastUITests.xctest */ = {isa = PBXFileReference; explicitFileType = wrapper.cfbundle; includeInIndex = 0; path = ShowcastUITests.xctest; sourceTree = BUILT_PRODUCTS_DIR; };
		496061DE1F5DEEBA00AF011D /* ShowcastUITests.swift */ = {isa = PBXFileReference; lastKnownFileType = sourcecode.swift; path = ShowcastUITests.swift; sourceTree = "<group>"; };
		496061E01F5DEEBA00AF011D /* Info.plist */ = {isa = PBXFileReference; lastKnownFileType = text.plist.xml; path = Info.plist; sourceTree = "<group>"; };
/* End PBXFileReference section */

/* Begin PBXFrameworksBuildPhase section */
		496061B81F5DEEB900AF011D /* Frameworks */ = {
			isa = PBXFrameworksBuildPhase;
			buildActionMask = 2147483647;
			files = (
			);
			runOnlyForDeploymentPostprocessing = 0;
		};
		496061CC1F5DEEBA00AF011D /* Frameworks */ = {
			isa = PBXFrameworksBuildPhase;
			buildActionMask = 2147483647;
			files = (
			);
			runOnlyForDeploymentPostprocessing = 0;
		};
		496061D71F5DEEBA00AF011D /* Frameworks */ = {
			isa = PBXFrameworksBuildPhase;
			buildActionMask = 2147483647;
			files = (
			);
			runOnlyForDeploymentPostprocessing = 0;
		};
/* End PBXFrameworksBuildPhase section */

/* Begin PBXGroup section */
		496061B21F5DEEB900AF011D = {
			isa = PBXGroup;
			children = (
				496061BD1F5DEEBA00AF011D /* Showcast */,
				496061D21F5DEEBA00AF011D /* ShowcastTests */,
				496061DD1F5DEEBA00AF011D /* ShowcastUITests */,
				496061BC1F5DEEBA00AF011D /* Products */,
			);
			sourceTree = "<group>";
		};
		496061BC1F5DEEBA00AF011D /* Products */ = {
			isa = PBXGroup;
			children = (
				496061BB1F5DEEBA00AF011D /* Showcast.app */,
				496061CF1F5DEEBA00AF011D /* ShowcastTests.xctest */,
				496061DA1F5DEEBA00AF011D /* ShowcastUITests.xctest */,
			);
			name = Products;
			sourceTree = "<group>";
		};
		496061BD1F5DEEBA00AF011D /* Showcast */ = {
			isa = PBXGroup;
			children = (
				496061BE1F5DEEBA00AF011D /* AppDelegate.swift */,
				496061C01F5DEEBA00AF011D /* ViewController.swift */,
				496061C21F5DEEBA00AF011D /* Main.storyboard */,
				496061C51F5DEEBA00AF011D /* Assets.xcassets */,
				496061C71F5DEEBA00AF011D /* LaunchScreen.storyboard */,
				496061CA1F5DEEBA00AF011D /* Info.plist */,
			);
			path = Showcast;
			sourceTree = "<group>";
		};
		496061D21F5DEEBA00AF011D /* ShowcastTests */ = {
			isa = PBXGroup;
			children = (
				496061D31F5DEEBA00AF011D /* ShowcastTests.swift */,
				496061D51F5DEEBA00AF011D /* Info.plist */,
			);
			path = ShowcastTests;
			sourceTree = "<group>";
		};
		496061DD1F5DEEBA00AF011D /* ShowcastUITests */ = {
			isa = PBXGroup;
			children = (
				496061DE1F5DEEBA00AF011D /* ShowcastUITests.swift */,
				496061E01F5DEEBA00AF011D /* Info.plist */,
			);
			path = ShowcastUITests;
			sourceTree = "<group>";
		};
/* End PBXGroup section */

/* Begin PBXNativeTarget section */
		496061BA1F5DEEB900AF011D /* Showcast */ = {
			isa = PBXNativeTarget;
			buildConfigurationList = 496061E31F5DEEBA00AF011D /* Build configuration list for PBXNativeTarget "Showcast" */;
			buildPhases = (
				496061B71F5DEEB900AF011D /* Sources */,
				496061B81F5DEEB900AF011D /* Frameworks */,
				496061B91F5DEEB900AF011D /* Resources */,
			);
			buildRules = (
			);
			dependencies = (
			);
			name = Showcast;
			productName = Showcast;
			productReference = 496061BB1F5DEEBA00AF011D /* Showcast.app */;
			productType = "com.apple.product-type.application";
		};
		496061CE1F5DEEBA00AF011D /* ShowcastTests */ = {
			isa = PBXNativeTarget;
			buildConfigurationList = 496061E61F5DEEBA00AF011D /* Build configuration list for PBXNativeTarget "ShowcastTests" */;
			buildPhases = (
				496061CB1F5DEEBA00AF011D /* Sources */,
				496061CC1F5DEEBA00AF011D /* Frameworks */,
				496061CD1F5DEEBA00AF011D /* Resources */,
			);
			buildRules = (
			);
			dependencies = (
				496061D11F5DEEBA00AF011D /* PBXTargetDependency */,
			);
			name = ShowcastTests;
			productName = ShowcastTests;
			productReference = 496061CF1F5DEEBA00AF011D /* ShowcastTests.xctest */;
			productType = "com.apple.product-type.bundle.unit-test";
		};
		496061D91F5DEEBA00AF011D /* ShowcastUITests */ = {
			isa = PBXNativeTarget;
			buildConfigurationList = 496061E91F5DEEBA00AF011D /* Build configuration list for PBXNativeTarget "ShowcastUITests" */;
			buildPhases = (
				496061D61F5DEEBA00AF011D /* Sources */,
				496061D71F5DEEBA00AF011D /* Frameworks */,
				496061D81F5DEEBA00AF011D /* Resources */,
			);
			buildRules = (
			);
			dependencies = (
				496061DC1F5DEEBA00AF011D /* PBXTargetDependency */,
			);
			name = ShowcastUITests;
			productName = ShowcastUITests;
			productReference = 496061DA1F5DEEBA00AF011D /* ShowcastUITests.xctest */;
			productType = "com.apple.product-type.bundle.ui-testing";
		};
/* End PBXNativeTarget section */

/* Begin PBXProject section */
		496061B31F5DEEB900AF011D /* Project object */ = {
			isa = PBXProject;
			attributes = {
				LastSwiftUpdateCheck = 0830;
				LastUpgradeCheck = 0830;
				ORGANIZATIONNAME = CSCE482Showcase;
				TargetAttributes = {
					496061BA1F5DEEB900AF011D = {
						CreatedOnToolsVersion = 8.3.3;
						DevelopmentTeam = 2K7ABR368C;
						ProvisioningStyle = Automatic;
					};
					496061CE1F5DEEBA00AF011D = {
						CreatedOnToolsVersion = 8.3.3;
						DevelopmentTeam = 2K7ABR368C;
						ProvisioningStyle = Automatic;
						TestTargetID = 496061BA1F5DEEB900AF011D;
					};
					496061D91F5DEEBA00AF011D = {
						CreatedOnToolsVersion = 8.3.3;
						DevelopmentTeam = 2K7ABR368C;
						ProvisioningStyle = Automatic;
						TestTargetID = 496061BA1F5DEEB900AF011D;
					};
				};
			};
			buildConfigurationList = 496061B61F5DEEB900AF011D /* Build configuration list for PBXProject "Showcast" */;
			compatibilityVersion = "Xcode 3.2";
			developmentRegion = English;
			hasScannedForEncodings = 0;
			knownRegions = (
				en,
				Base,
			);
			mainGroup = 496061B21F5DEEB900AF011D;
			productRefGroup = 496061BC1F5DEEBA00AF011D /* Products */;
			projectDirPath = "";
			projectRoot = "";
			targets = (
				496061BA1F5DEEB900AF011D /* Showcast */,
				496061CE1F5DEEBA00AF011D /* ShowcastTests */,
				496061D91F5DEEBA00AF011D /* ShowcastUITests */,
			);
		};
/* End PBXProject section */

/* Begin PBXResourcesBuildPhase section */
		496061B91F5DEEB900AF011D /* Resources */ = {
			isa = PBXResourcesBuildPhase;
			buildActionMask = 2147483647;
			files = (
				496061C91F5DEEBA00AF011D /* LaunchScreen.storyboard in Resources */,
				496061C61F5DEEBA00AF011D /* Assets.xcassets in Resources */,
				496061C41F5DEEBA00AF011D /* Main.storyboard in Resources */,
			);
			runOnlyForDeploymentPostprocessing = 0;
		};
		496061CD1F5DEEBA00AF011D /* Resources */ = {
			isa = PBXResourcesBuildPhase;
			buildActionMask = 2147483647;
			files = (
			);
			runOnlyForDeploymentPostprocessing = 0;
		};
		496061D81F5DEEBA00AF011D /* Resources */ = {
			isa = PBXResourcesBuildPhase;
			buildActionMask = 2147483647;
			files = (
			);
			runOnlyForDeploymentPostprocessing = 0;
		};
/* End PBXResourcesBuildPhase section */

/* Begin PBXSourcesBuildPhase section */
		496061B71F5DEEB900AF011D /* Sources */ = {
			isa = PBXSourcesBuildPhase;
			buildActionMask = 2147483647;
			files = (
				496061C11F5DEEBA00AF011D /* ViewController.swift in Sources */,
				496061BF1F5DEEBA00AF011D /* AppDelegate.swift in Sources */,
			);
			runOnlyForDeploymentPostprocessing = 0;
		};
		496061CB1F5DEEBA00AF011D /* Sources */ = {
			isa = PBXSourcesBuildPhase;
			buildActionMask = 2147483647;
			files = (
				496061D41F5DEEBA00AF011D /* ShowcastTests.swift in Sources */,
			);
			runOnlyForDeploymentPostprocessing = 0;
		};
		496061D61F5DEEBA00AF011D /* Sources */ = {
			isa = PBXSourcesBuildPhase;
			buildActionMask = 2147483647;
			files = (
				496061DF1F5DEEBA00AF011D /* ShowcastUITests.swift in Sources */,
			);
			runOnlyForDeploymentPostprocessing = 0;
		};
/* End PBXSourcesBuildPhase section */

/* Begin PBXTargetDependency section */
		496061D11F5DEEBA00AF011D /* PBXTargetDependency */ = {
			isa = PBXTargetDependency;
			target = 496061BA1F5DEEB900AF011D /* Showcast */;
			targetProxy = 496061D01F5DEEBA00AF011D /* PBXContainerItemProxy */;
		};
		496061DC1F5DEEBA00AF011D /* PBXTargetDependency */ = {
			isa = PBXTargetDependency;
			target = 496061BA1F5DEEB900AF011D /* Showcast */;
			targetProxy = 496061DB1F5DEEBA00AF011D /* PBXContainerItemProxy */;
		};
/* End PBXTargetDependency section */

/* Begin PBXVariantGroup section */
		496061C21F5DEEBA00AF011D /* Main.storyboard */ = {
			isa = PBXVariantGroup;
			children = (
				496061C31F5DEEBA00AF011D /* Base */,
			);
			name = Main.storyboard;
			sourceTree = "<group>";
		};
		496061C71F5DEEBA00AF011D /* LaunchScreen.storyboard */ = {
			isa = PBXVariantGroup;
			children = (
				496061C81F5DEEBA00AF011D /* Base */,
			);
			name = LaunchScreen.storyboard;
			sourceTree = "<group>";
		};
/* End PBXVariantGroup section */

/* Begin XCBuildConfiguration section */
		496061E11F5DEEBA00AF011D /* Debug */ = {
			isa = XCBuildConfiguration;
			buildSettings = {
				ALWAYS_SEARCH_USER_PATHS = NO;
				CLANG_ANALYZER_NONNULL = YES;
				CLANG_ANALYZER_NUMBER_OBJECT_CONVERSION = YES_AGGRESSIVE;
				CLANG_CXX_LANGUAGE_STANDARD = "gnu++0x";
				CLANG_CXX_LIBRARY = "libc++";
				CLANG_ENABLE_MODULES = YES;
				CLANG_ENABLE_OBJC_ARC = YES;
				CLANG_WARN_BOOL_CONVERSION = YES;
				CLANG_WARN_CONSTANT_CONVERSION = YES;
				CLANG_WARN_DIRECT_OBJC_ISA_USAGE = YES_ERROR;
				CLANG_WARN_DOCUMENTATION_COMMENTS = YES;
				CLANG_WARN_EMPTY_BODY = YES;
				CLANG_WARN_ENUM_CONVERSION = YES;
				CLANG_WARN_INFINITE_RECURSION = YES;
				CLANG_WARN_INT_CONVERSION = YES;
				CLANG_WARN_OBJC_ROOT_CLASS = YES_ERROR;
				CLANG_WARN_SUSPICIOUS_MOVE = YES;
				CLANG_WARN_UNREACHABLE_CODE = YES;
				CLANG_WARN__DUPLICATE_METHOD_MATCH = YES;
				"CODE_SIGN_IDENTITY[sdk=iphoneos*]" = "iPhone Developer";
				COPY_PHASE_STRIP = NO;
				DEBUG_INFORMATION_FORMAT = dwarf;
				ENABLE_STRICT_OBJC_MSGSEND = YES;
				ENABLE_TESTABILITY = YES;
				GCC_C_LANGUAGE_STANDARD = gnu99;
				GCC_DYNAMIC_NO_PIC = NO;
				GCC_NO_COMMON_BLOCKS = YES;
				GCC_OPTIMIZATION_LEVEL = 0;
				GCC_PREPROCESSOR_DEFINITIONS = (
					"DEBUG=1",
					"$(inherited)",
				);
				GCC_WARN_64_TO_32_BIT_CONVERSION = YES;
				GCC_WARN_ABOUT_RETURN_TYPE = YES_ERROR;
				GCC_WARN_UNDECLARED_SELECTOR = YES;
				GCC_WARN_UNINITIALIZED_AUTOS = YES_AGGRESSIVE;
				GCC_WARN_UNUSED_FUNCTION = YES;
				GCC_WARN_UNUSED_VARIABLE = YES;
				IPHONEOS_DEPLOYMENT_TARGET = 10.3;
				MTL_ENABLE_DEBUG_INFO = YES;
				ONLY_ACTIVE_ARCH = YES;
				SDKROOT = iphoneos;
				SWIFT_ACTIVE_COMPILATION_CONDITIONS = DEBUG;
				SWIFT_OPTIMIZATION_LEVEL = "-Onone";
				TARGETED_DEVICE_FAMILY = "1,2";
			};
			name = Debug;
		};
		496061E21F5DEEBA00AF011D /* Release */ = {
			isa = XCBuildConfiguration;
			buildSettings = {
				ALWAYS_SEARCH_USER_PATHS = NO;
				CLANG_ANALYZER_NONNULL = YES;
				CLANG_ANALYZER_NUMBER_OBJECT_CONVERSION = YES_AGGRESSIVE;
				CLANG_CXX_LANGUAGE_STANDARD = "gnu++0x";
				CLANG_CXX_LIBRARY = "libc++";
				CLANG_ENABLE_MODULES = YES;
				CLANG_ENABLE_OBJC_ARC = YES;
				CLANG_WARN_BOOL_CONVERSION = YES;
				CLANG_WARN_CONSTANT_CONVERSION = YES;
				CLANG_WARN_DIRECT_OBJC_ISA_USAGE = YES_ERROR;
				CLANG_WARN_DOCUMENTATION_COMMENTS = YES;
				CLANG_WARN_EMPTY_BODY = YES;
				CLANG_WARN_ENUM_CONVERSION = YES;
				CLANG_WARN_INFINITE_RECURSION = YES;
				CLANG_WARN_INT_CONVERSION = YES;
				CLANG_WARN_OBJC_ROOT_CLASS = YES_ERROR;
				CLANG_WARN_SUSPICIOUS_MOVE = YES;
				CLANG_WARN_UNREACHABLE_CODE = YES;
				CLANG_WARN__DUPLICATE_METHOD_MATCH = YES;
				"CODE_SIGN_IDENTITY[sdk=iphoneos*]" = "iPhone Developer";
				COPY_PHASE_STRIP = NO;
				DEBUG_INFORMATION_FORMAT = "dwarf-with-dsym";
				ENABLE_NS_ASSERTIONS = NO;
				ENABLE_STRICT_OBJC_MSGSEND = YES;
				GCC_C_LANGUAGE_STANDARD = gnu99;
				GCC_NO_COMMON_BLOCKS = YES;
				GCC_WARN_64_TO_32_BIT_CONVERSION = YES;
				GCC_WARN_ABOUT_RETURN_TYPE = YES_ERROR;
				GCC_WARN_UNDECLARED_SELECTOR = YES;
				GCC_WARN_UNINITIALIZED_AUTOS = YES_AGGRESSIVE;
				GCC_WARN_UNUSED_FUNCTION = YES;
				GCC_WARN_UNUSED_VARIABLE = YES;
				IPHONEOS_DEPLOYMENT_TARGET = 10.3;
				MTL_ENABLE_DEBUG_INFO = NO;
				SDKROOT = iphoneos;
				SWIFT_OPTIMIZATION_LEVEL = "-Owholemodule";
				TARGETED_DEVICE_FAMILY = "1,2";
				VALIDATE_PRODUCT = YES;
			};
			name = Release;
		};
		496061E41F5DEEBA00AF011D /* Debug */ = {
			isa = XCBuildConfiguration;
			buildSettings = {
				ASSETCATALOG_COMPILER_APPICON_NAME = AppIcon;
				DEVELOPMENT_TEAM = 2K7ABR368C;
				INFOPLIST_FILE = Showcast/Info.plist;
				LD_RUNPATH_SEARCH_PATHS = "$(inherited) @executable_path/Frameworks";
				PRODUCT_BUNDLE_IDENTIFIER = CSCE482.Showcast;
				PRODUCT_NAME = "$(TARGET_NAME)";
				SWIFT_VERSION = 3.0;
			};
			name = Debug;
		};
		496061E51F5DEEBA00AF011D /* Release */ = {
			isa = XCBuildConfiguration;
			buildSettings = {
				ASSETCATALOG_COMPILER_APPICON_NAME = AppIcon;
				DEVELOPMENT_TEAM = 2K7ABR368C;
				INFOPLIST_FILE = Showcast/Info.plist;
				LD_RUNPATH_SEARCH_PATHS = "$(inherited) @executable_path/Frameworks";
				PRODUCT_BUNDLE_IDENTIFIER = CSCE482.Showcast;
				PRODUCT_NAME = "$(TARGET_NAME)";
				SWIFT_VERSION = 3.0;
			};
			name = Release;
		};
		496061E71F5DEEBA00AF011D /* Debug */ = {
			isa = XCBuildConfiguration;
			buildSettings = {
				ALWAYS_EMBED_SWIFT_STANDARD_LIBRARIES = YES;
				BUNDLE_LOADER = "$(TEST_HOST)";
				DEVELOPMENT_TEAM = 2K7ABR368C;
				INFOPLIST_FILE = ShowcastTests/Info.plist;
				LD_RUNPATH_SEARCH_PATHS = "$(inherited) @executable_path/Frameworks @loader_path/Frameworks";
				PRODUCT_BUNDLE_IDENTIFIER = CSCE482.ShowcastTests;
				PRODUCT_NAME = "$(TARGET_NAME)";
				SWIFT_VERSION = 3.0;
				TEST_HOST = "$(BUILT_PRODUCTS_DIR)/Showcast.app/Showcast";
			};
			name = Debug;
		};
		496061E81F5DEEBA00AF011D /* Release */ = {
			isa = XCBuildConfiguration;
			buildSettings = {
				ALWAYS_EMBED_SWIFT_STANDARD_LIBRARIES = YES;
				BUNDLE_LOADER = "$(TEST_HOST)";
				DEVELOPMENT_TEAM = 2K7ABR368C;
				INFOPLIST_FILE = ShowcastTests/Info.plist;
				LD_RUNPATH_SEARCH_PATHS = "$(inherited) @executable_path/Frameworks @loader_path/Frameworks";
				PRODUCT_BUNDLE_IDENTIFIER = CSCE482.ShowcastTests;
				PRODUCT_NAME = "$(TARGET_NAME)";
				SWIFT_VERSION = 3.0;
				TEST_HOST = "$(BUILT_PRODUCTS_DIR)/Showcast.app/Showcast";
			};
			name = Release;
		};
		496061EA1F5DEEBA00AF011D /* Debug */ = {
			isa = XCBuildConfiguration;
			buildSettings = {
				ALWAYS_EMBED_SWIFT_STANDARD_LIBRARIES = YES;
				DEVELOPMENT_TEAM = 2K7ABR368C;
				INFOPLIST_FILE = ShowcastUITests/Info.plist;
				LD_RUNPATH_SEARCH_PATHS = "$(inherited) @executable_path/Frameworks @loader_path/Frameworks";
				PRODUCT_BUNDLE_IDENTIFIER = CSCE482.ShowcastUITests;
				PRODUCT_NAME = "$(TARGET_NAME)";
				SWIFT_VERSION = 3.0;
				TEST_TARGET_NAME = Showcast;
			};
			name = Debug;
		};
		496061EB1F5DEEBA00AF011D /* Release */ = {
			isa = XCBuildConfiguration;
			buildSettings = {
				ALWAYS_EMBED_SWIFT_STANDARD_LIBRARIES = YES;
				DEVELOPMENT_TEAM = 2K7ABR368C;
				INFOPLIST_FILE = ShowcastUITests/Info.plist;
				LD_RUNPATH_SEARCH_PATHS = "$(inherited) @executable_path/Frameworks @loader_path/Frameworks";
				PRODUCT_BUNDLE_IDENTIFIER = CSCE482.ShowcastUITests;
				PRODUCT_NAME = "$(TARGET_NAME)";
				SWIFT_VERSION = 3.0;
				TEST_TARGET_NAME = Showcast;
			};
			name = Release;
		};
/* End XCBuildConfiguration section */

/* Begin XCConfigurationList section */
		496061B61F5DEEB900AF011D /* Build configuration list for PBXProject "Showcast" */ = {
			isa = XCConfigurationList;
			buildConfigurations = (
				496061E11F5DEEBA00AF011D /* Debug */,
				496061E21F5DEEBA00AF011D /* Release */,
			);
			defaultConfigurationIsVisible = 0;
			defaultConfigurationName = Release;
		};
		496061E31F5DEEBA00AF011D /* Build configuration list for PBXNativeTarget "Showcast" */ = {
			isa = XCConfigurationList;
			buildConfigurations = (
				496061E41F5DEEBA00AF011D /* Debug */,
				496061E51F5DEEBA00AF011D /* Release */,
			);
			defaultConfigurationIsVisible = 0;
		};
		496061E61F5DEEBA00AF011D /* Build configuration list for PBXNativeTarget "ShowcastTests" */ = {
			isa = XCConfigurationList;
			buildConfigurations = (
				496061E71F5DEEBA00AF011D /* Debug */,
				496061E81F5DEEBA00AF011D /* Release */,
			);
			defaultConfigurationIsVisible = 0;
		};
		496061E91F5DEEBA00AF011D /* Build configuration list for PBXNativeTarget "ShowcastUITests" */ = {
			isa = XCConfigurationList;
			buildConfigurations = (
				496061EA1F5DEEBA00AF011D /* Debug */,
				496061EB1F5DEEBA00AF011D /* Release */,
			);
			defaultConfigurationIsVisible = 0;
		};
/* End XCConfigurationList section */
	};
	rootObject = 496061B31F5DEEB900AF011D /* Project object */;
}
