// !$*UTF8*$!
{
	archiveVersion = 1;
	classes = {
	};
	objectVersion = 46;
	objects = {

/* Begin PBXBuildFile section */
		085F5E621F7C5150003200C5 /* SignUpViewController.swift in Sources */ = {isa = PBXBuildFile; fileRef = 085F5E611F7C5150003200C5 /* SignUpViewController.swift */; };
		08BA96DF1F706C71001875BF /* PostScanViewController.swift in Sources */ = {isa = PBXBuildFile; fileRef = 08BA96DE1F706C71001875BF /* PostScanViewController.swift */; };
		08C66B101F8F16120036FA82 /* HistoryTableViewCell.swift in Sources */ = {isa = PBXBuildFile; fileRef = 08C66B0F1F8F16120036FA82 /* HistoryTableViewCell.swift */; };
		1AFDE6CB1F954C9000BF2A1A /* Keys.swift in Sources */ = {isa = PBXBuildFile; fileRef = 1AFDE6CA1F954C9000BF2A1A /* Keys.swift */; };
		494979251F672BF4005DB65C /* AppDelegate.swift in Sources */ = {isa = PBXBuildFile; fileRef = 494979241F672BF4005DB65C /* AppDelegate.swift */; };
		4949792A1F672BF4005DB65C /* Main.storyboard in Resources */ = {isa = PBXBuildFile; fileRef = 494979281F672BF4005DB65C /* Main.storyboard */; };
		4949792C1F672BF5005DB65C /* Assets.xcassets in Resources */ = {isa = PBXBuildFile; fileRef = 4949792B1F672BF5005DB65C /* Assets.xcassets */; };
		4949792F1F672BF5005DB65C /* LaunchScreen.storyboard in Resources */ = {isa = PBXBuildFile; fileRef = 4949792D1F672BF5005DB65C /* LaunchScreen.storyboard */; };
		4949793A1F672BF6005DB65C /* ShowcaseTests.swift in Sources */ = {isa = PBXBuildFile; fileRef = 494979391F672BF6005DB65C /* ShowcaseTests.swift */; };
		494979451F672BF6005DB65C /* ShowcaseUITests.swift in Sources */ = {isa = PBXBuildFile; fileRef = 494979441F672BF6005DB65C /* ShowcaseUITests.swift */; };
		4E2254721F704F9D00DE1D93 /* ScannerViewController.swift in Sources */ = {isa = PBXBuildFile; fileRef = 4E2254711F704F9D00DE1D93 /* ScannerViewController.swift */; };
		4E2254741F7050A300DE1D93 /* UserAccountSettingsViewController.swift in Sources */ = {isa = PBXBuildFile; fileRef = 4E2254731F7050A300DE1D93 /* UserAccountSettingsViewController.swift */; };
		4E2254781F70512000DE1D93 /* HistoryTableViewController.swift in Sources */ = {isa = PBXBuildFile; fileRef = 4E2254771F70512000DE1D93 /* HistoryTableViewController.swift */; };
		4E22547A1F70514000DE1D93 /* ContributionsViewController.swift in Sources */ = {isa = PBXBuildFile; fileRef = 4E2254791F70514000DE1D93 /* ContributionsViewController.swift */; };
		4E24E08A1F8BDF8B005D1EAD /* LoadScanViewController.swift in Sources */ = {isa = PBXBuildFile; fileRef = 4E24E0891F8BDF8B005D1EAD /* LoadScanViewController.swift */; };
		4E257A021F731F4B00012F2D /* LoginViewController.swift in Sources */ = {isa = PBXBuildFile; fileRef = 4E257A011F731F4B00012F2D /* LoginViewController.swift */; };
		4ED24BC81F8EB216000407C2 /* ResultsViewController.swift in Sources */ = {isa = PBXBuildFile; fileRef = 4ED24BC71F8EB216000407C2 /* ResultsViewController.swift */; };
		4ED24BCE1F8EB40B000407C2 /* ResultsTableViewCell.swift in Sources */ = {isa = PBXBuildFile; fileRef = 4ED24BCD1F8EB40B000407C2 /* ResultsTableViewCell.swift */; };
		50ED73B01F85ACE100E4531F /* UIViewController+CurUser.swift in Sources */ = {isa = PBXBuildFile; fileRef = 50ED73AF1F85ACE100E4531F /* UIViewController+CurUser.swift */; };
		5E0CEEE11F72F985009EADF6 /* GoogleService-Info.plist in Resources */ = {isa = PBXBuildFile; fileRef = 5E0CEEE01F72F985009EADF6 /* GoogleService-Info.plist */; };
		5E0CEEE31F730F29009EADF6 /* UserClass.swift in Sources */ = {isa = PBXBuildFile; fileRef = 5E0CEEE21F730F29009EADF6 /* UserClass.swift */; };
		5E0CEEE61F730FD7009EADF6 /* Constants.swift in Sources */ = {isa = PBXBuildFile; fileRef = 5E0CEEE51F730FD7009EADF6 /* Constants.swift */; };
		5E47E72D1F7383C2002B703D /* RootViewController.swift in Sources */ = {isa = PBXBuildFile; fileRef = 5E47E72C1F7383C2002B703D /* RootViewController.swift */; };
		5E47E72F1F7391DB002B703D /* MaterialTextField.swift in Sources */ = {isa = PBXBuildFile; fileRef = 5E47E72E1F7391DB002B703D /* MaterialTextField.swift */; };
		5E47E7311F739485002B703D /* MaterialButton.swift in Sources */ = {isa = PBXBuildFile; fileRef = 5E47E7301F739484002B703D /* MaterialButton.swift */; };
		5E6C470B1F7588B6002FE561 /* DataService.swift in Sources */ = {isa = PBXBuildFile; fileRef = 5E6C470A1F7588B6002FE561 /* DataService.swift */; };
		5EF3FBC71F8453D800118D00 /* Book.swift in Sources */ = {isa = PBXBuildFile; fileRef = 5EF3FBC61F8453D800118D00 /* Book.swift */; };
		836BAB31647A371F392EC41D /* Pods_ShowcaseUITests.framework in Frameworks */ = {isa = PBXBuildFile; fileRef = CDCDEC596D80F2B0788E83CD /* Pods_ShowcaseUITests.framework */; };
		D1C69F2E3FF3AA59134FCD6C /* Pods_Showcase.framework in Frameworks */ = {isa = PBXBuildFile; fileRef = 9107313B2F73F59FA96D3745 /* Pods_Showcase.framework */; };
		F0A103473A77D4E96604AA12 /* Pods_ShowcaseTests.framework in Frameworks */ = {isa = PBXBuildFile; fileRef = 20E198409E5BCE3F72BE52BB /* Pods_ShowcaseTests.framework */; };
/* End PBXBuildFile section */

/* Begin PBXContainerItemProxy section */
		494979361F672BF5005DB65C /* PBXContainerItemProxy */ = {
			isa = PBXContainerItemProxy;
			containerPortal = 494979191F672BF4005DB65C /* Project object */;
			proxyType = 1;
			remoteGlobalIDString = 494979201F672BF4005DB65C;
			remoteInfo = Showcase;
		};
		494979411F672BF6005DB65C /* PBXContainerItemProxy */ = {
			isa = PBXContainerItemProxy;
			containerPortal = 494979191F672BF4005DB65C /* Project object */;
			proxyType = 1;
			remoteGlobalIDString = 494979201F672BF4005DB65C;
			remoteInfo = Showcase;
		};
/* End PBXContainerItemProxy section */

/* Begin PBXFileReference section */
		085F5E611F7C5150003200C5 /* SignUpViewController.swift */ = {isa = PBXFileReference; fileEncoding = 4; lastKnownFileType = sourcecode.swift; path = SignUpViewController.swift; sourceTree = "<group>"; };
		08BA96DE1F706C71001875BF /* PostScanViewController.swift */ = {isa = PBXFileReference; fileEncoding = 4; lastKnownFileType = sourcecode.swift; path = PostScanViewController.swift; sourceTree = "<group>"; };
		08C66B0F1F8F16120036FA82 /* HistoryTableViewCell.swift */ = {isa = PBXFileReference; lastKnownFileType = sourcecode.swift; path = HistoryTableViewCell.swift; sourceTree = "<group>"; };
		1AFDE6CA1F954C9000BF2A1A /* Keys.swift */ = {isa = PBXFileReference; lastKnownFileType = sourcecode.swift; path = Keys.swift; sourceTree = "<group>"; };
		20E198409E5BCE3F72BE52BB /* Pods_ShowcaseTests.framework */ = {isa = PBXFileReference; explicitFileType = wrapper.framework; includeInIndex = 0; path = Pods_ShowcaseTests.framework; sourceTree = BUILT_PRODUCTS_DIR; };
		494979211F672BF4005DB65C /* Showcase.app */ = {isa = PBXFileReference; explicitFileType = wrapper.application; includeInIndex = 0; path = Showcase.app; sourceTree = BUILT_PRODUCTS_DIR; };
		494979241F672BF4005DB65C /* AppDelegate.swift */ = {isa = PBXFileReference; lastKnownFileType = sourcecode.swift; path = AppDelegate.swift; sourceTree = "<group>"; };
		494979291F672BF4005DB65C /* Base */ = {isa = PBXFileReference; lastKnownFileType = file.storyboard; name = Base; path = Base.lproj/Main.storyboard; sourceTree = "<group>"; };
		4949792B1F672BF5005DB65C /* Assets.xcassets */ = {isa = PBXFileReference; lastKnownFileType = folder.assetcatalog; path = Assets.xcassets; sourceTree = "<group>"; };
		4949792E1F672BF5005DB65C /* Base */ = {isa = PBXFileReference; lastKnownFileType = file.storyboard; name = Base; path = Base.lproj/LaunchScreen.storyboard; sourceTree = "<group>"; };
		494979301F672BF5005DB65C /* Info.plist */ = {isa = PBXFileReference; lastKnownFileType = text.plist.xml; path = Info.plist; sourceTree = "<group>"; };
		494979351F672BF5005DB65C /* ShowcaseTests.xctest */ = {isa = PBXFileReference; explicitFileType = wrapper.cfbundle; includeInIndex = 0; path = ShowcaseTests.xctest; sourceTree = BUILT_PRODUCTS_DIR; };
		494979391F672BF6005DB65C /* ShowcaseTests.swift */ = {isa = PBXFileReference; lastKnownFileType = sourcecode.swift; path = ShowcaseTests.swift; sourceTree = "<group>"; };
		4949793B1F672BF6005DB65C /* Info.plist */ = {isa = PBXFileReference; lastKnownFileType = text.plist.xml; path = Info.plist; sourceTree = "<group>"; };
		494979401F672BF6005DB65C /* ShowcaseUITests.xctest */ = {isa = PBXFileReference; explicitFileType = wrapper.cfbundle; includeInIndex = 0; path = ShowcaseUITests.xctest; sourceTree = BUILT_PRODUCTS_DIR; };
		494979441F672BF6005DB65C /* ShowcaseUITests.swift */ = {isa = PBXFileReference; lastKnownFileType = sourcecode.swift; path = ShowcaseUITests.swift; sourceTree = "<group>"; };
		494979461F672BF6005DB65C /* Info.plist */ = {isa = PBXFileReference; lastKnownFileType = text.plist.xml; path = Info.plist; sourceTree = "<group>"; };
		49EC73261F82DA49003737F9 /* Showcase-Bridging-Header.h */ = {isa = PBXFileReference; lastKnownFileType = sourcecode.c.h; path = "Showcase-Bridging-Header.h"; sourceTree = "<group>"; };
		4E2254711F704F9D00DE1D93 /* ScannerViewController.swift */ = {isa = PBXFileReference; fileEncoding = 4; lastKnownFileType = sourcecode.swift; path = ScannerViewController.swift; sourceTree = "<group>"; };
		4E2254731F7050A300DE1D93 /* UserAccountSettingsViewController.swift */ = {isa = PBXFileReference; fileEncoding = 4; lastKnownFileType = sourcecode.swift; path = UserAccountSettingsViewController.swift; sourceTree = "<group>"; };
		4E2254771F70512000DE1D93 /* HistoryTableViewController.swift */ = {isa = PBXFileReference; fileEncoding = 4; lastKnownFileType = sourcecode.swift; path = HistoryTableViewController.swift; sourceTree = "<group>"; };
		4E2254791F70514000DE1D93 /* ContributionsViewController.swift */ = {isa = PBXFileReference; fileEncoding = 4; lastKnownFileType = sourcecode.swift; path = ContributionsViewController.swift; sourceTree = "<group>"; };
		4E24E0891F8BDF8B005D1EAD /* LoadScanViewController.swift */ = {isa = PBXFileReference; lastKnownFileType = sourcecode.swift; path = LoadScanViewController.swift; sourceTree = "<group>"; };
		4E257A011F731F4B00012F2D /* LoginViewController.swift */ = {isa = PBXFileReference; fileEncoding = 4; lastKnownFileType = sourcecode.swift; path = LoginViewController.swift; sourceTree = "<group>"; };
		4ED24BC71F8EB216000407C2 /* ResultsViewController.swift */ = {isa = PBXFileReference; lastKnownFileType = sourcecode.swift; path = ResultsViewController.swift; sourceTree = "<group>"; };
		4ED24BCD1F8EB40B000407C2 /* ResultsTableViewCell.swift */ = {isa = PBXFileReference; lastKnownFileType = sourcecode.swift; path = ResultsTableViewCell.swift; sourceTree = "<group>"; };
		50ED73AF1F85ACE100E4531F /* UIViewController+CurUser.swift */ = {isa = PBXFileReference; lastKnownFileType = sourcecode.swift; name = "UIViewController+CurUser.swift"; path = "Showcase/UIViewController+CurUser.swift"; sourceTree = SOURCE_ROOT; };
		5E0CEEE01F72F985009EADF6 /* GoogleService-Info.plist */ = {isa = PBXFileReference; fileEncoding = 4; lastKnownFileType = text.plist.xml; path = "GoogleService-Info.plist"; sourceTree = "<group>"; };
		5E0CEEE21F730F29009EADF6 /* UserClass.swift */ = {isa = PBXFileReference; fileEncoding = 4; lastKnownFileType = sourcecode.swift; path = UserClass.swift; sourceTree = "<group>"; };
		5E0CEEE51F730FD7009EADF6 /* Constants.swift */ = {isa = PBXFileReference; fileEncoding = 4; lastKnownFileType = sourcecode.swift; path = Constants.swift; sourceTree = "<group>"; };
		5E47E72C1F7383C2002B703D /* RootViewController.swift */ = {isa = PBXFileReference; fileEncoding = 4; lastKnownFileType = sourcecode.swift; path = RootViewController.swift; sourceTree = "<group>"; };
		5E47E72E1F7391DB002B703D /* MaterialTextField.swift */ = {isa = PBXFileReference; fileEncoding = 4; lastKnownFileType = sourcecode.swift; path = MaterialTextField.swift; sourceTree = "<group>"; };
		5E47E7301F739484002B703D /* MaterialButton.swift */ = {isa = PBXFileReference; fileEncoding = 4; lastKnownFileType = sourcecode.swift; path = MaterialButton.swift; sourceTree = "<group>"; };
		5E6C470A1F7588B6002FE561 /* DataService.swift */ = {isa = PBXFileReference; fileEncoding = 4; lastKnownFileType = sourcecode.swift; path = DataService.swift; sourceTree = "<group>"; };
		5EF3FBC61F8453D800118D00 /* Book.swift */ = {isa = PBXFileReference; lastKnownFileType = sourcecode.swift; path = Book.swift; sourceTree = "<group>"; };
		7D3EE552108CD1C997E7B429 /* Pods-Showcase.release.xcconfig */ = {isa = PBXFileReference; includeInIndex = 1; lastKnownFileType = text.xcconfig; name = "Pods-Showcase.release.xcconfig"; path = "Pods/Target Support Files/Pods-Showcase/Pods-Showcase.release.xcconfig"; sourceTree = "<group>"; };
		804CA54A5BDCFE26DC8F4CE9 /* Pods-ShowcaseTests.release.xcconfig */ = {isa = PBXFileReference; includeInIndex = 1; lastKnownFileType = text.xcconfig; name = "Pods-ShowcaseTests.release.xcconfig"; path = "Pods/Target Support Files/Pods-ShowcaseTests/Pods-ShowcaseTests.release.xcconfig"; sourceTree = "<group>"; };
		85F6838B4813AF91F243089B /* Pods-ShowcaseUITests.debug.xcconfig */ = {isa = PBXFileReference; includeInIndex = 1; lastKnownFileType = text.xcconfig; name = "Pods-ShowcaseUITests.debug.xcconfig"; path = "Pods/Target Support Files/Pods-ShowcaseUITests/Pods-ShowcaseUITests.debug.xcconfig"; sourceTree = "<group>"; };
		9107313B2F73F59FA96D3745 /* Pods_Showcase.framework */ = {isa = PBXFileReference; explicitFileType = wrapper.framework; includeInIndex = 0; path = Pods_Showcase.framework; sourceTree = BUILT_PRODUCTS_DIR; };
		A5A51108E04004214B1DAEE7 /* Pods-ShowcaseTests.debug.xcconfig */ = {isa = PBXFileReference; includeInIndex = 1; lastKnownFileType = text.xcconfig; name = "Pods-ShowcaseTests.debug.xcconfig"; path = "Pods/Target Support Files/Pods-ShowcaseTests/Pods-ShowcaseTests.debug.xcconfig"; sourceTree = "<group>"; };
		B119B7C799C72BB92268DA81 /* Pods-ShowcaseUITests.release.xcconfig */ = {isa = PBXFileReference; includeInIndex = 1; lastKnownFileType = text.xcconfig; name = "Pods-ShowcaseUITests.release.xcconfig"; path = "Pods/Target Support Files/Pods-ShowcaseUITests/Pods-ShowcaseUITests.release.xcconfig"; sourceTree = "<group>"; };
		CDCDEC596D80F2B0788E83CD /* Pods_ShowcaseUITests.framework */ = {isa = PBXFileReference; explicitFileType = wrapper.framework; includeInIndex = 0; path = Pods_ShowcaseUITests.framework; sourceTree = BUILT_PRODUCTS_DIR; };
		F3E3AFE52E9D4D7938DA6A39 /* Pods-Showcase.debug.xcconfig */ = {isa = PBXFileReference; includeInIndex = 1; lastKnownFileType = text.xcconfig; name = "Pods-Showcase.debug.xcconfig"; path = "Pods/Target Support Files/Pods-Showcase/Pods-Showcase.debug.xcconfig"; sourceTree = "<group>"; };
/* End PBXFileReference section */

/* Begin PBXFrameworksBuildPhase section */
		4949791E1F672BF4005DB65C /* Frameworks */ = {
			isa = PBXFrameworksBuildPhase;
			buildActionMask = 2147483647;
			files = (
				D1C69F2E3FF3AA59134FCD6C /* Pods_Showcase.framework in Frameworks */,
			);
			runOnlyForDeploymentPostprocessing = 0;
		};
		494979321F672BF5005DB65C /* Frameworks */ = {
			isa = PBXFrameworksBuildPhase;
			buildActionMask = 2147483647;
			files = (
				F0A103473A77D4E96604AA12 /* Pods_ShowcaseTests.framework in Frameworks */,
			);
			runOnlyForDeploymentPostprocessing = 0;
		};
		4949793D1F672BF6005DB65C /* Frameworks */ = {
			isa = PBXFrameworksBuildPhase;
			buildActionMask = 2147483647;
			files = (
				836BAB31647A371F392EC41D /* Pods_ShowcaseUITests.framework in Frameworks */,
			);
			runOnlyForDeploymentPostprocessing = 0;
		};
/* End PBXFrameworksBuildPhase section */

/* Begin PBXGroup section */
		03AABFC905E3DD3127FDD7BE /* Frameworks */ = {
			isa = PBXGroup;
			children = (
				9107313B2F73F59FA96D3745 /* Pods_Showcase.framework */,
				20E198409E5BCE3F72BE52BB /* Pods_ShowcaseTests.framework */,
				CDCDEC596D80F2B0788E83CD /* Pods_ShowcaseUITests.framework */,
			);
			name = Frameworks;
			sourceTree = "<group>";
		};
		08BA96E01F7071E7001875BF /* Model */ = {
			isa = PBXGroup;
			children = (
				5E0CEEE21F730F29009EADF6 /* UserClass.swift */,
				5EF3FBC61F8453D800118D00 /* Book.swift */,
			);
			name = Model;
			sourceTree = "<group>";
		};
		08BA96E11F7071F4001875BF /* View */ = {
			isa = PBXGroup;
			children = (
				5E47E72E1F7391DB002B703D /* MaterialTextField.swift */,
				5E47E7301F739484002B703D /* MaterialButton.swift */,
				4ED24BCD1F8EB40B000407C2 /* ResultsTableViewCell.swift */,
				08C66B0F1F8F16120036FA82 /* HistoryTableViewCell.swift */,
			);
			name = View;
			sourceTree = "<group>";
		};
		08BA96E21F7071F9001875BF /* Controller */ = {
			isa = PBXGroup;
			children = (
				08BA96DE1F706C71001875BF /* PostScanViewController.swift */,
				4E2254791F70514000DE1D93 /* ContributionsViewController.swift */,
				4E2254771F70512000DE1D93 /* HistoryTableViewController.swift */,
				4E2254731F7050A300DE1D93 /* UserAccountSettingsViewController.swift */,
				4E2254711F704F9D00DE1D93 /* ScannerViewController.swift */,
				085F5E611F7C5150003200C5 /* SignUpViewController.swift */,
				4E257A011F731F4B00012F2D /* LoginViewController.swift */,
				5E47E72C1F7383C2002B703D /* RootViewController.swift */,
				49EC73261F82DA49003737F9 /* Showcase-Bridging-Header.h */,
				4E24E0891F8BDF8B005D1EAD /* LoadScanViewController.swift */,
				4ED24BC71F8EB216000407C2 /* ResultsViewController.swift */,
			);
			name = Controller;
			sourceTree = "<group>";
		};
		494979181F672BF4005DB65C = {
			isa = PBXGroup;
			children = (
				494979231F672BF4005DB65C /* Showcase */,
				494979381F672BF5005DB65C /* ShowcaseTests */,
				494979431F672BF6005DB65C /* ShowcaseUITests */,
				494979221F672BF4005DB65C /* Products */,
				A22327CB2893E27A54A426C6 /* Pods */,
				03AABFC905E3DD3127FDD7BE /* Frameworks */,
			);
			sourceTree = "<group>";
		};
		494979221F672BF4005DB65C /* Products */ = {
			isa = PBXGroup;
			children = (
				494979211F672BF4005DB65C /* Showcase.app */,
				494979351F672BF5005DB65C /* ShowcaseTests.xctest */,
				494979401F672BF6005DB65C /* ShowcaseUITests.xctest */,
			);
			name = Products;
			sourceTree = "<group>";
		};
		494979231F672BF4005DB65C /* Showcase */ = {
			isa = PBXGroup;
			children = (
				50E6B23E1F858027008B790F /* Extensions */,
				5E6C47091F758833002FE561 /* Services */,
				5E0CEEE41F730FBD009EADF6 /* Utils */,
				08BA96E21F7071F9001875BF /* Controller */,
				08BA96E11F7071F4001875BF /* View */,
				08BA96E01F7071E7001875BF /* Model */,
				494979241F672BF4005DB65C /* AppDelegate.swift */,
				494979281F672BF4005DB65C /* Main.storyboard */,
				4949792B1F672BF5005DB65C /* Assets.xcassets */,
				4949792D1F672BF5005DB65C /* LaunchScreen.storyboard */,
				494979301F672BF5005DB65C /* Info.plist */,
				5E0CEEE01F72F985009EADF6 /* GoogleService-Info.plist */,
			);
			path = Showcase;
			sourceTree = "<group>";
		};
		494979381F672BF5005DB65C /* ShowcaseTests */ = {
			isa = PBXGroup;
			children = (
				494979391F672BF6005DB65C /* ShowcaseTests.swift */,
				4949793B1F672BF6005DB65C /* Info.plist */,
			);
			path = ShowcaseTests;
			sourceTree = "<group>";
		};
		494979431F672BF6005DB65C /* ShowcaseUITests */ = {
			isa = PBXGroup;
			children = (
				494979441F672BF6005DB65C /* ShowcaseUITests.swift */,
				494979461F672BF6005DB65C /* Info.plist */,
			);
			path = ShowcaseUITests;
			sourceTree = "<group>";
		};
		50E6B23E1F858027008B790F /* Extensions */ = {
			isa = PBXGroup;
			children = (
				50ED73AF1F85ACE100E4531F /* UIViewController+CurUser.swift */,
			);
			name = Extensions;
			path = ..;
			sourceTree = "<group>";
		};
		5E0CEEE41F730FBD009EADF6 /* Utils */ = {
			isa = PBXGroup;
			children = (
				5E0CEEE51F730FD7009EADF6 /* Constants.swift */,
				1AFDE6CA1F954C9000BF2A1A /* Keys.swift */,
			);
			name = Utils;
			sourceTree = "<group>";
		};
		5E6C47091F758833002FE561 /* Services */ = {
			isa = PBXGroup;
			children = (
				5E6C470A1F7588B6002FE561 /* DataService.swift */,
			);
			name = Services;
			sourceTree = "<group>";
		};
		A22327CB2893E27A54A426C6 /* Pods */ = {
			isa = PBXGroup;
			children = (
				F3E3AFE52E9D4D7938DA6A39 /* Pods-Showcase.debug.xcconfig */,
				7D3EE552108CD1C997E7B429 /* Pods-Showcase.release.xcconfig */,
				A5A51108E04004214B1DAEE7 /* Pods-ShowcaseTests.debug.xcconfig */,
				804CA54A5BDCFE26DC8F4CE9 /* Pods-ShowcaseTests.release.xcconfig */,
				85F6838B4813AF91F243089B /* Pods-ShowcaseUITests.debug.xcconfig */,
				B119B7C799C72BB92268DA81 /* Pods-ShowcaseUITests.release.xcconfig */,
			);
			name = Pods;
			sourceTree = "<group>";
		};
/* End PBXGroup section */

/* Begin PBXNativeTarget section */
		494979201F672BF4005DB65C /* Showcase */ = {
			isa = PBXNativeTarget;
			buildConfigurationList = 494979491F672BF6005DB65C /* Build configuration list for PBXNativeTarget "Showcase" */;
			buildPhases = (
				DBA1946E1FC077FD78B296BA /* [CP] Check Pods Manifest.lock */,
				4949791D1F672BF4005DB65C /* Sources */,
				4949791E1F672BF4005DB65C /* Frameworks */,
				4949791F1F672BF4005DB65C /* Resources */,
				93EBC0CB3C92C58BC24E3CB9 /* [CP] Embed Pods Frameworks */,
				CC5CE39BB325D13753355647 /* [CP] Copy Pods Resources */,
			);
			buildRules = (
			);
			dependencies = (
			);
			name = Showcase;
			productName = Showcase;
			productReference = 494979211F672BF4005DB65C /* Showcase.app */;
			productType = "com.apple.product-type.application";
		};
		494979341F672BF5005DB65C /* ShowcaseTests */ = {
			isa = PBXNativeTarget;
			buildConfigurationList = 4949794C1F672BF6005DB65C /* Build configuration list for PBXNativeTarget "ShowcaseTests" */;
			buildPhases = (
				23C2A984EAB41795C307A4B9 /* [CP] Check Pods Manifest.lock */,
				494979311F672BF5005DB65C /* Sources */,
				494979321F672BF5005DB65C /* Frameworks */,
				494979331F672BF5005DB65C /* Resources */,
				D05E45098CB2C59ADB58552E /* [CP] Embed Pods Frameworks */,
				8A8EBA6B61362ABF3C73BCA4 /* [CP] Copy Pods Resources */,
			);
			buildRules = (
			);
			dependencies = (
				494979371F672BF5005DB65C /* PBXTargetDependency */,
			);
			name = ShowcaseTests;
			productName = ShowcaseTests;
			productReference = 494979351F672BF5005DB65C /* ShowcaseTests.xctest */;
			productType = "com.apple.product-type.bundle.unit-test";
		};
		4949793F1F672BF6005DB65C /* ShowcaseUITests */ = {
			isa = PBXNativeTarget;
			buildConfigurationList = 4949794F1F672BF6005DB65C /* Build configuration list for PBXNativeTarget "ShowcaseUITests" */;
			buildPhases = (
				776CB6816E1319F64D142CDA /* [CP] Check Pods Manifest.lock */,
				4949793C1F672BF6005DB65C /* Sources */,
				4949793D1F672BF6005DB65C /* Frameworks */,
				4949793E1F672BF6005DB65C /* Resources */,
				D3C2EC4D1B602FB679F64D62 /* [CP] Embed Pods Frameworks */,
				4D2481234F26B591C89670A9 /* [CP] Copy Pods Resources */,
			);
			buildRules = (
			);
			dependencies = (
				494979421F672BF6005DB65C /* PBXTargetDependency */,
			);
			name = ShowcaseUITests;
			productName = ShowcaseUITests;
			productReference = 494979401F672BF6005DB65C /* ShowcaseUITests.xctest */;
			productType = "com.apple.product-type.bundle.ui-testing";
		};
/* End PBXNativeTarget section */

/* Begin PBXProject section */
		494979191F672BF4005DB65C /* Project object */ = {
			isa = PBXProject;
			attributes = {
				LastSwiftUpdateCheck = 0830;
				LastUpgradeCheck = 0830;
				ORGANIZATIONNAME = TamuCpse482;
				TargetAttributes = {
					494979201F672BF4005DB65C = {
						CreatedOnToolsVersion = 8.3.3;
						DevelopmentTeam = PA4Z55BQSM;
						ProvisioningStyle = Automatic;
					};
					494979341F672BF5005DB65C = {
						CreatedOnToolsVersion = 8.3.3;
						DevelopmentTeam = 2K7ABR368C;
						ProvisioningStyle = Automatic;
						TestTargetID = 494979201F672BF4005DB65C;
					};
					4949793F1F672BF6005DB65C = {
						CreatedOnToolsVersion = 8.3.3;
						DevelopmentTeam = 2K7ABR368C;
						ProvisioningStyle = Automatic;
						TestTargetID = 494979201F672BF4005DB65C;
					};
				};
			};
			buildConfigurationList = 4949791C1F672BF4005DB65C /* Build configuration list for PBXProject "Showcase" */;
			compatibilityVersion = "Xcode 3.2";
			developmentRegion = English;
			hasScannedForEncodings = 0;
			knownRegions = (
				en,
				Base,
			);
			mainGroup = 494979181F672BF4005DB65C;
			productRefGroup = 494979221F672BF4005DB65C /* Products */;
			projectDirPath = "";
			projectRoot = "";
			targets = (
				494979201F672BF4005DB65C /* Showcase */,
				494979341F672BF5005DB65C /* ShowcaseTests */,
				4949793F1F672BF6005DB65C /* ShowcaseUITests */,
			);
		};
/* End PBXProject section */

/* Begin PBXResourcesBuildPhase section */
		4949791F1F672BF4005DB65C /* Resources */ = {
			isa = PBXResourcesBuildPhase;
			buildActionMask = 2147483647;
			files = (
				4949792F1F672BF5005DB65C /* LaunchScreen.storyboard in Resources */,
				5E0CEEE11F72F985009EADF6 /* GoogleService-Info.plist in Resources */,
				4949792C1F672BF5005DB65C /* Assets.xcassets in Resources */,
				4949792A1F672BF4005DB65C /* Main.storyboard in Resources */,
			);
			runOnlyForDeploymentPostprocessing = 0;
		};
		494979331F672BF5005DB65C /* Resources */ = {
			isa = PBXResourcesBuildPhase;
			buildActionMask = 2147483647;
			files = (
			);
			runOnlyForDeploymentPostprocessing = 0;
		};
		4949793E1F672BF6005DB65C /* Resources */ = {
			isa = PBXResourcesBuildPhase;
			buildActionMask = 2147483647;
			files = (
			);
			runOnlyForDeploymentPostprocessing = 0;
		};
/* End PBXResourcesBuildPhase section */

/* Begin PBXShellScriptBuildPhase section */
		23C2A984EAB41795C307A4B9 /* [CP] Check Pods Manifest.lock */ = {
			isa = PBXShellScriptBuildPhase;
			buildActionMask = 2147483647;
			files = (
			);
			inputPaths = (
				"${PODS_PODFILE_DIR_PATH}/Podfile.lock",
				"${PODS_ROOT}/Manifest.lock",
			);
			name = "[CP] Check Pods Manifest.lock";
			outputPaths = (
				"$(DERIVED_FILE_DIR)/Pods-ShowcaseTests-checkManifestLockResult.txt",
			);
			runOnlyForDeploymentPostprocessing = 0;
			shellPath = /bin/sh;
			shellScript = "diff \"${PODS_PODFILE_DIR_PATH}/Podfile.lock\" \"${PODS_ROOT}/Manifest.lock\" > /dev/null\nif [ $? != 0 ] ; then\n    # print error to STDERR\n    echo \"error: The sandbox is not in sync with the Podfile.lock. Run 'pod install' or update your CocoaPods installation.\" >&2\n    exit 1\nfi\n# This output is used by Xcode 'outputs' to avoid re-running this script phase.\necho \"SUCCESS\" > \"${SCRIPT_OUTPUT_FILE_0}\"\n";
			showEnvVarsInLog = 0;
		};
		4D2481234F26B591C89670A9 /* [CP] Copy Pods Resources */ = {
			isa = PBXShellScriptBuildPhase;
			buildActionMask = 2147483647;
			files = (
			);
			inputPaths = (
			);
			name = "[CP] Copy Pods Resources";
			outputPaths = (
			);
			runOnlyForDeploymentPostprocessing = 0;
			shellPath = /bin/sh;
			shellScript = "\"${SRCROOT}/Pods/Target Support Files/Pods-ShowcaseUITests/Pods-ShowcaseUITests-resources.sh\"\n";
			showEnvVarsInLog = 0;
		};
		776CB6816E1319F64D142CDA /* [CP] Check Pods Manifest.lock */ = {
			isa = PBXShellScriptBuildPhase;
			buildActionMask = 2147483647;
			files = (
			);
			inputPaths = (
				"${PODS_PODFILE_DIR_PATH}/Podfile.lock",
				"${PODS_ROOT}/Manifest.lock",
			);
			name = "[CP] Check Pods Manifest.lock";
			outputPaths = (
				"$(DERIVED_FILE_DIR)/Pods-ShowcaseUITests-checkManifestLockResult.txt",
			);
			runOnlyForDeploymentPostprocessing = 0;
			shellPath = /bin/sh;
			shellScript = "diff \"${PODS_PODFILE_DIR_PATH}/Podfile.lock\" \"${PODS_ROOT}/Manifest.lock\" > /dev/null\nif [ $? != 0 ] ; then\n    # print error to STDERR\n    echo \"error: The sandbox is not in sync with the Podfile.lock. Run 'pod install' or update your CocoaPods installation.\" >&2\n    exit 1\nfi\n# This output is used by Xcode 'outputs' to avoid re-running this script phase.\necho \"SUCCESS\" > \"${SCRIPT_OUTPUT_FILE_0}\"\n";
			showEnvVarsInLog = 0;
		};
		8A8EBA6B61362ABF3C73BCA4 /* [CP] Copy Pods Resources */ = {
			isa = PBXShellScriptBuildPhase;
			buildActionMask = 2147483647;
			files = (
			);
			inputPaths = (
			);
			name = "[CP] Copy Pods Resources";
			outputPaths = (
			);
			runOnlyForDeploymentPostprocessing = 0;
			shellPath = /bin/sh;
			shellScript = "\"${SRCROOT}/Pods/Target Support Files/Pods-ShowcaseTests/Pods-ShowcaseTests-resources.sh\"\n";
			showEnvVarsInLog = 0;
		};
		93EBC0CB3C92C58BC24E3CB9 /* [CP] Embed Pods Frameworks */ = {
			isa = PBXShellScriptBuildPhase;
			buildActionMask = 2147483647;
			files = (
			);
			inputPaths = (
				"${SRCROOT}/Pods/Target Support Files/Pods-Showcase/Pods-Showcase-frameworks.sh",
				"${BUILT_PRODUCTS_DIR}/Bolts/Bolts.framework",
				"${BUILT_PRODUCTS_DIR}/Cosmos/Cosmos.framework",
				"${BUILT_PRODUCTS_DIR}/FBSDKCoreKit/FBSDKCoreKit.framework",
				"${BUILT_PRODUCTS_DIR}/FBSDKLoginKit/FBSDKLoginKit.framework",
				"${BUILT_PRODUCTS_DIR}/FacebookCore/FacebookCore.framework",
				"${BUILT_PRODUCTS_DIR}/FacebookLogin/FacebookLogin.framework",
				"${BUILT_PRODUCTS_DIR}/GTMSessionFetcher/GTMSessionFetcher.framework",
				"${BUILT_PRODUCTS_DIR}/GoogleToolboxForMac/GoogleToolboxForMac.framework",
				"${BUILT_PRODUCTS_DIR}/IQKeyboardManagerSwift/IQKeyboardManagerSwift.framework",
				"${BUILT_PRODUCTS_DIR}/ImageTextField/ImageTextField.framework",
				"${BUILT_PRODUCTS_DIR}/SwiftSoup/SwiftSoup.framework",
				"${BUILT_PRODUCTS_DIR}/SwiftyXMLParser/SwiftyXMLParser.framework",
				"${BUILT_PRODUCTS_DIR}/leveldb-library/leveldb.framework",
				"${BUILT_PRODUCTS_DIR}/nanopb/nanopb.framework",
			);
			name = "[CP] Embed Pods Frameworks";
			outputPaths = (
				"${TARGET_BUILD_DIR}/${FRAMEWORKS_FOLDER_PATH}/Bolts.framework",
				"${TARGET_BUILD_DIR}/${FRAMEWORKS_FOLDER_PATH}/Cosmos.framework",
				"${TARGET_BUILD_DIR}/${FRAMEWORKS_FOLDER_PATH}/FBSDKCoreKit.framework",
				"${TARGET_BUILD_DIR}/${FRAMEWORKS_FOLDER_PATH}/FBSDKLoginKit.framework",
				"${TARGET_BUILD_DIR}/${FRAMEWORKS_FOLDER_PATH}/FacebookCore.framework",
				"${TARGET_BUILD_DIR}/${FRAMEWORKS_FOLDER_PATH}/FacebookLogin.framework",
				"${TARGET_BUILD_DIR}/${FRAMEWORKS_FOLDER_PATH}/GTMSessionFetcher.framework",
				"${TARGET_BUILD_DIR}/${FRAMEWORKS_FOLDER_PATH}/GoogleToolboxForMac.framework",
				"${TARGET_BUILD_DIR}/${FRAMEWORKS_FOLDER_PATH}/IQKeyboardManagerSwift.framework",
				"${TARGET_BUILD_DIR}/${FRAMEWORKS_FOLDER_PATH}/ImageTextField.framework",
				"${TARGET_BUILD_DIR}/${FRAMEWORKS_FOLDER_PATH}/SwiftSoup.framework",
				"${TARGET_BUILD_DIR}/${FRAMEWORKS_FOLDER_PATH}/SwiftyXMLParser.framework",
				"${TARGET_BUILD_DIR}/${FRAMEWORKS_FOLDER_PATH}/leveldb.framework",
				"${TARGET_BUILD_DIR}/${FRAMEWORKS_FOLDER_PATH}/nanopb.framework",
			);
			runOnlyForDeploymentPostprocessing = 0;
			shellPath = /bin/sh;
			shellScript = "\"${SRCROOT}/Pods/Target Support Files/Pods-Showcase/Pods-Showcase-frameworks.sh\"\n";
			showEnvVarsInLog = 0;
		};
		CC5CE39BB325D13753355647 /* [CP] Copy Pods Resources */ = {
			isa = PBXShellScriptBuildPhase;
			buildActionMask = 2147483647;
			files = (
			);
			inputPaths = (
			);
			name = "[CP] Copy Pods Resources";
			outputPaths = (
			);
			runOnlyForDeploymentPostprocessing = 0;
			shellPath = /bin/sh;
			shellScript = "\"${SRCROOT}/Pods/Target Support Files/Pods-Showcase/Pods-Showcase-resources.sh\"\n";
			showEnvVarsInLog = 0;
		};
		D05E45098CB2C59ADB58552E /* [CP] Embed Pods Frameworks */ = {
			isa = PBXShellScriptBuildPhase;
			buildActionMask = 2147483647;
			files = (
			);
			inputPaths = (
			);
			name = "[CP] Embed Pods Frameworks";
			outputPaths = (
			);
			runOnlyForDeploymentPostprocessing = 0;
			shellPath = /bin/sh;
			shellScript = "\"${SRCROOT}/Pods/Target Support Files/Pods-ShowcaseTests/Pods-ShowcaseTests-frameworks.sh\"\n";
			showEnvVarsInLog = 0;
		};
		D3C2EC4D1B602FB679F64D62 /* [CP] Embed Pods Frameworks */ = {
			isa = PBXShellScriptBuildPhase;
			buildActionMask = 2147483647;
			files = (
			);
			inputPaths = (
			);
			name = "[CP] Embed Pods Frameworks";
			outputPaths = (
			);
			runOnlyForDeploymentPostprocessing = 0;
			shellPath = /bin/sh;
			shellScript = "\"${SRCROOT}/Pods/Target Support Files/Pods-ShowcaseUITests/Pods-ShowcaseUITests-frameworks.sh\"\n";
			showEnvVarsInLog = 0;
		};
		DBA1946E1FC077FD78B296BA /* [CP] Check Pods Manifest.lock */ = {
			isa = PBXShellScriptBuildPhase;
			buildActionMask = 2147483647;
			files = (
			);
			inputPaths = (
				"${PODS_PODFILE_DIR_PATH}/Podfile.lock",
				"${PODS_ROOT}/Manifest.lock",
			);
			name = "[CP] Check Pods Manifest.lock";
			outputPaths = (
				"$(DERIVED_FILE_DIR)/Pods-Showcase-checkManifestLockResult.txt",
			);
			runOnlyForDeploymentPostprocessing = 0;
			shellPath = /bin/sh;
			shellScript = "diff \"${PODS_PODFILE_DIR_PATH}/Podfile.lock\" \"${PODS_ROOT}/Manifest.lock\" > /dev/null\nif [ $? != 0 ] ; then\n    # print error to STDERR\n    echo \"error: The sandbox is not in sync with the Podfile.lock. Run 'pod install' or update your CocoaPods installation.\" >&2\n    exit 1\nfi\n# This output is used by Xcode 'outputs' to avoid re-running this script phase.\necho \"SUCCESS\" > \"${SCRIPT_OUTPUT_FILE_0}\"\n";
			showEnvVarsInLog = 0;
		};
/* End PBXShellScriptBuildPhase section */

/* Begin PBXSourcesBuildPhase section */
		4949791D1F672BF4005DB65C /* Sources */ = {
			isa = PBXSourcesBuildPhase;
			buildActionMask = 2147483647;
			files = (
				5EF3FBC71F8453D800118D00 /* Book.swift in Sources */,
				5E47E72D1F7383C2002B703D /* RootViewController.swift in Sources */,
				5E6C470B1F7588B6002FE561 /* DataService.swift in Sources */,
				1AFDE6CB1F954C9000BF2A1A /* Keys.swift in Sources */,
				4ED24BCE1F8EB40B000407C2 /* ResultsTableViewCell.swift in Sources */,
				4E22547A1F70514000DE1D93 /* ContributionsViewController.swift in Sources */,
				5E47E7311F739485002B703D /* MaterialButton.swift in Sources */,
				08C66B101F8F16120036FA82 /* HistoryTableViewCell.swift in Sources */,
				08BA96DF1F706C71001875BF /* PostScanViewController.swift in Sources */,
				5E47E72F1F7391DB002B703D /* MaterialTextField.swift in Sources */,
				4E2254721F704F9D00DE1D93 /* ScannerViewController.swift in Sources */,
				5E0CEEE31F730F29009EADF6 /* UserClass.swift in Sources */,
				085F5E621F7C5150003200C5 /* SignUpViewController.swift in Sources */,
				50ED73B01F85ACE100E4531F /* UIViewController+CurUser.swift in Sources */,
				4E2254781F70512000DE1D93 /* HistoryTableViewController.swift in Sources */,
				4E2254741F7050A300DE1D93 /* UserAccountSettingsViewController.swift in Sources */,
				494979251F672BF4005DB65C /* AppDelegate.swift in Sources */,
				4ED24BC81F8EB216000407C2 /* ResultsViewController.swift in Sources */,
				4E257A021F731F4B00012F2D /* LoginViewController.swift in Sources */,
				4E24E08A1F8BDF8B005D1EAD /* LoadScanViewController.swift in Sources */,
				5E0CEEE61F730FD7009EADF6 /* Constants.swift in Sources */,
			);
			runOnlyForDeploymentPostprocessing = 0;
		};
		494979311F672BF5005DB65C /* Sources */ = {
			isa = PBXSourcesBuildPhase;
			buildActionMask = 2147483647;
			files = (
				4949793A1F672BF6005DB65C /* ShowcaseTests.swift in Sources */,
			);
			runOnlyForDeploymentPostprocessing = 0;
		};
		4949793C1F672BF6005DB65C /* Sources */ = {
			isa = PBXSourcesBuildPhase;
			buildActionMask = 2147483647;
			files = (
				494979451F672BF6005DB65C /* ShowcaseUITests.swift in Sources */,
			);
			runOnlyForDeploymentPostprocessing = 0;
		};
/* End PBXSourcesBuildPhase section */

/* Begin PBXTargetDependency section */
		494979371F672BF5005DB65C /* PBXTargetDependency */ = {
			isa = PBXTargetDependency;
			target = 494979201F672BF4005DB65C /* Showcase */;
			targetProxy = 494979361F672BF5005DB65C /* PBXContainerItemProxy */;
		};
		494979421F672BF6005DB65C /* PBXTargetDependency */ = {
			isa = PBXTargetDependency;
			target = 494979201F672BF4005DB65C /* Showcase */;
			targetProxy = 494979411F672BF6005DB65C /* PBXContainerItemProxy */;
		};
/* End PBXTargetDependency section */

/* Begin PBXVariantGroup section */
		494979281F672BF4005DB65C /* Main.storyboard */ = {
			isa = PBXVariantGroup;
			children = (
				494979291F672BF4005DB65C /* Base */,
			);
			name = Main.storyboard;
			sourceTree = "<group>";
		};
		4949792D1F672BF5005DB65C /* LaunchScreen.storyboard */ = {
			isa = PBXVariantGroup;
			children = (
				4949792E1F672BF5005DB65C /* Base */,
			);
			name = LaunchScreen.storyboard;
			sourceTree = "<group>";
		};
/* End PBXVariantGroup section */

/* Begin XCBuildConfiguration section */
		494979471F672BF6005DB65C /* Debug */ = {
			isa = XCBuildConfiguration;
			buildSettings = {
				ALWAYS_EMBED_SWIFT_STANDARD_LIBRARIES = NO;
				ALWAYS_SEARCH_USER_PATHS = NO;
				CLANG_ANALYZER_NONNULL = YES;
				CLANG_ANALYZER_NUMBER_OBJECT_CONVERSION = YES_AGGRESSIVE;
				CLANG_CXX_LANGUAGE_STANDARD = "gnu++0x";
				CLANG_CXX_LIBRARY = "libc++";
				CLANG_ENABLE_MODULES = YES;
				CLANG_ENABLE_OBJC_ARC = YES;
				CLANG_WARN_BOOL_CONVERSION = YES;
				CLANG_WARN_CONSTANT_CONVERSION = YES;
				CLANG_WARN_DIRECT_OBJC_ISA_USAGE = YES_ERROR;
				CLANG_WARN_DOCUMENTATION_COMMENTS = YES;
				CLANG_WARN_EMPTY_BODY = YES;
				CLANG_WARN_ENUM_CONVERSION = YES;
				CLANG_WARN_INFINITE_RECURSION = YES;
				CLANG_WARN_INT_CONVERSION = YES;
				CLANG_WARN_OBJC_ROOT_CLASS = YES_ERROR;
				CLANG_WARN_SUSPICIOUS_MOVE = YES;
				CLANG_WARN_UNREACHABLE_CODE = YES;
				CLANG_WARN__DUPLICATE_METHOD_MATCH = YES;
				"CODE_SIGN_IDENTITY[sdk=iphoneos*]" = "iPhone Developer";
				COPY_PHASE_STRIP = NO;
				DEBUG_INFORMATION_FORMAT = dwarf;
				ENABLE_BITCODE = YES;
				ENABLE_STRICT_OBJC_MSGSEND = YES;
				ENABLE_TESTABILITY = YES;
				GCC_C_LANGUAGE_STANDARD = gnu99;
				GCC_DYNAMIC_NO_PIC = NO;
				GCC_NO_COMMON_BLOCKS = YES;
				GCC_OPTIMIZATION_LEVEL = 0;
				GCC_PREPROCESSOR_DEFINITIONS = (
					"DEBUG=1",
					"$(inherited)",
				);
				GCC_WARN_64_TO_32_BIT_CONVERSION = YES;
				GCC_WARN_ABOUT_RETURN_TYPE = YES_ERROR;
				GCC_WARN_UNDECLARED_SELECTOR = YES;
				GCC_WARN_UNINITIALIZED_AUTOS = YES_AGGRESSIVE;
				GCC_WARN_UNUSED_FUNCTION = YES;
				GCC_WARN_UNUSED_VARIABLE = YES;
				IPHONEOS_DEPLOYMENT_TARGET = 10.3;
				MTL_ENABLE_DEBUG_INFO = YES;
				ONLY_ACTIVE_ARCH = YES;
				SDKROOT = iphoneos;
				SWIFT_ACTIVE_COMPILATION_CONDITIONS = DEBUG;
				SWIFT_OPTIMIZATION_LEVEL = "-Onone";
				TARGETED_DEVICE_FAMILY = "1,2";
			};
			name = Debug;
		};
		494979481F672BF6005DB65C /* Release */ = {
			isa = XCBuildConfiguration;
			buildSettings = {
				ALWAYS_EMBED_SWIFT_STANDARD_LIBRARIES = NO;
				ALWAYS_SEARCH_USER_PATHS = NO;
				CLANG_ANALYZER_NONNULL = YES;
				CLANG_ANALYZER_NUMBER_OBJECT_CONVERSION = YES_AGGRESSIVE;
				CLANG_CXX_LANGUAGE_STANDARD = "gnu++0x";
				CLANG_CXX_LIBRARY = "libc++";
				CLANG_ENABLE_MODULES = YES;
				CLANG_ENABLE_OBJC_ARC = YES;
				CLANG_WARN_BOOL_CONVERSION = YES;
				CLANG_WARN_CONSTANT_CONVERSION = YES;
				CLANG_WARN_DIRECT_OBJC_ISA_USAGE = YES_ERROR;
				CLANG_WARN_DOCUMENTATION_COMMENTS = YES;
				CLANG_WARN_EMPTY_BODY = YES;
				CLANG_WARN_ENUM_CONVERSION = YES;
				CLANG_WARN_INFINITE_RECURSION = YES;
				CLANG_WARN_INT_CONVERSION = YES;
				CLANG_WARN_OBJC_ROOT_CLASS = YES_ERROR;
				CLANG_WARN_SUSPICIOUS_MOVE = YES;
				CLANG_WARN_UNREACHABLE_CODE = YES;
				CLANG_WARN__DUPLICATE_METHOD_MATCH = YES;
				"CODE_SIGN_IDENTITY[sdk=iphoneos*]" = "iPhone Developer";
				COPY_PHASE_STRIP = NO;
				DEBUG_INFORMATION_FORMAT = "dwarf-with-dsym";
				ENABLE_BITCODE = YES;
				ENABLE_NS_ASSERTIONS = NO;
				ENABLE_STRICT_OBJC_MSGSEND = YES;
				GCC_C_LANGUAGE_STANDARD = gnu99;
				GCC_NO_COMMON_BLOCKS = YES;
				GCC_WARN_64_TO_32_BIT_CONVERSION = YES;
				GCC_WARN_ABOUT_RETURN_TYPE = YES_ERROR;
				GCC_WARN_UNDECLARED_SELECTOR = YES;
				GCC_WARN_UNINITIALIZED_AUTOS = YES_AGGRESSIVE;
				GCC_WARN_UNUSED_FUNCTION = YES;
				GCC_WARN_UNUSED_VARIABLE = YES;
				IPHONEOS_DEPLOYMENT_TARGET = 10.3;
				MTL_ENABLE_DEBUG_INFO = NO;
				"OTHER_LDFLAGS[arch=*]" = "";
				SDKROOT = iphoneos;
				SWIFT_OPTIMIZATION_LEVEL = "-Owholemodule";
				TARGETED_DEVICE_FAMILY = "1,2";
				VALIDATE_PRODUCT = YES;
			};
			name = Release;
		};
		4949794A1F672BF6005DB65C /* Debug */ = {
			isa = XCBuildConfiguration;
			baseConfigurationReference = F3E3AFE52E9D4D7938DA6A39 /* Pods-Showcase.debug.xcconfig */;
			buildSettings = {
				ALWAYS_EMBED_SWIFT_STANDARD_LIBRARIES = NO;
				ASSETCATALOG_COMPILER_APPICON_NAME = AppIcon;
				DEVELOPMENT_TEAM = PA4Z55BQSM;
				EMBED_ASSET_PACKS_IN_PRODUCT_BUNDLE = NO;
				INFOPLIST_FILE = Showcase/Info.plist;
				IPHONEOS_DEPLOYMENT_TARGET = 10.0;
				LD_RUNPATH_SEARCH_PATHS = "$(inherited) @executable_path/Frameworks";
				PRODUCT_BUNDLE_IDENTIFIER = csce;
				PRODUCT_NAME = "$(TARGET_NAME)";
				SWIFT_OBJC_BRIDGING_HEADER = "$(PROJECT_DIR)/$(PROJECT_NAME)/$(PROJECT_NAME)-Bridging-Header.h";
				SWIFT_VERSION = 3.0;
			};
			name = Debug;
		};
		4949794B1F672BF6005DB65C /* Release */ = {
			isa = XCBuildConfiguration;
			baseConfigurationReference = 7D3EE552108CD1C997E7B429 /* Pods-Showcase.release.xcconfig */;
			buildSettings = {
				ALWAYS_EMBED_SWIFT_STANDARD_LIBRARIES = NO;
				ASSETCATALOG_COMPILER_APPICON_NAME = AppIcon;
				DEVELOPMENT_TEAM = PA4Z55BQSM;
				EMBED_ASSET_PACKS_IN_PRODUCT_BUNDLE = NO;
				INFOPLIST_FILE = Showcase/Info.plist;
				IPHONEOS_DEPLOYMENT_TARGET = 10.0;
				LD_RUNPATH_SEARCH_PATHS = "$(inherited) @executable_path/Frameworks";
				PRODUCT_BUNDLE_IDENTIFIER = csce;
				PRODUCT_NAME = "$(TARGET_NAME)";
				SWIFT_VERSION = 3.0;
			};
			name = Release;
		};
		4949794D1F672BF6005DB65C /* Debug */ = {
			isa = XCBuildConfiguration;
			baseConfigurationReference = A5A51108E04004214B1DAEE7 /* Pods-ShowcaseTests.debug.xcconfig */;
			buildSettings = {
				ALWAYS_EMBED_SWIFT_STANDARD_LIBRARIES = YES;
				BUNDLE_LOADER = "$(TEST_HOST)";
				DEVELOPMENT_TEAM = 2K7ABR368C;
				INFOPLIST_FILE = ShowcaseTests/Info.plist;
				LD_RUNPATH_SEARCH_PATHS = "$(inherited) @executable_path/Frameworks @loader_path/Frameworks";
				PRODUCT_BUNDLE_IDENTIFIER = TamuCpse482.ShowcaseTests;
				PRODUCT_NAME = "$(TARGET_NAME)";
				SWIFT_VERSION = 3.0;
				TEST_HOST = "$(BUILT_PRODUCTS_DIR)/Showcase.app/Showcase";
			};
			name = Debug;
		};
		4949794E1F672BF6005DB65C /* Release */ = {
			isa = XCBuildConfiguration;
			baseConfigurationReference = 804CA54A5BDCFE26DC8F4CE9 /* Pods-ShowcaseTests.release.xcconfig */;
			buildSettings = {
				ALWAYS_EMBED_SWIFT_STANDARD_LIBRARIES = YES;
				BUNDLE_LOADER = "$(TEST_HOST)";
				DEVELOPMENT_TEAM = 2K7ABR368C;
				INFOPLIST_FILE = ShowcaseTests/Info.plist;
				LD_RUNPATH_SEARCH_PATHS = "$(inherited) @executable_path/Frameworks @loader_path/Frameworks";
				PRODUCT_BUNDLE_IDENTIFIER = TamuCpse482.ShowcaseTests;
				PRODUCT_NAME = "$(TARGET_NAME)";
				SWIFT_VERSION = 3.0;
				TEST_HOST = "$(BUILT_PRODUCTS_DIR)/Showcase.app/Showcase";
			};
			name = Release;
		};
		494979501F672BF6005DB65C /* Debug */ = {
			isa = XCBuildConfiguration;
			baseConfigurationReference = 85F6838B4813AF91F243089B /* Pods-ShowcaseUITests.debug.xcconfig */;
			buildSettings = {
				ALWAYS_EMBED_SWIFT_STANDARD_LIBRARIES = YES;
				DEVELOPMENT_TEAM = 2K7ABR368C;
				INFOPLIST_FILE = ShowcaseUITests/Info.plist;
				LD_RUNPATH_SEARCH_PATHS = "$(inherited) @executable_path/Frameworks @loader_path/Frameworks";
				PRODUCT_BUNDLE_IDENTIFIER = TamuCpse482.ShowcaseUITests;
				PRODUCT_NAME = "$(TARGET_NAME)";
				SWIFT_VERSION = 3.0;
				TEST_TARGET_NAME = Showcase;
			};
			name = Debug;
		};
		494979511F672BF6005DB65C /* Release */ = {
			isa = XCBuildConfiguration;
			baseConfigurationReference = B119B7C799C72BB92268DA81 /* Pods-ShowcaseUITests.release.xcconfig */;
			buildSettings = {
				ALWAYS_EMBED_SWIFT_STANDARD_LIBRARIES = YES;
				DEVELOPMENT_TEAM = 2K7ABR368C;
				INFOPLIST_FILE = ShowcaseUITests/Info.plist;
				LD_RUNPATH_SEARCH_PATHS = "$(inherited) @executable_path/Frameworks @loader_path/Frameworks";
				PRODUCT_BUNDLE_IDENTIFIER = TamuCpse482.ShowcaseUITests;
				PRODUCT_NAME = "$(TARGET_NAME)";
				SWIFT_VERSION = 3.0;
				TEST_TARGET_NAME = Showcase;
			};
			name = Release;
		};
/* End XCBuildConfiguration section */

/* Begin XCConfigurationList section */
		4949791C1F672BF4005DB65C /* Build configuration list for PBXProject "Showcase" */ = {
			isa = XCConfigurationList;
			buildConfigurations = (
				494979471F672BF6005DB65C /* Debug */,
				494979481F672BF6005DB65C /* Release */,
			);
			defaultConfigurationIsVisible = 0;
			defaultConfigurationName = Release;
		};
		494979491F672BF6005DB65C /* Build configuration list for PBXNativeTarget "Showcase" */ = {
			isa = XCConfigurationList;
			buildConfigurations = (
				4949794A1F672BF6005DB65C /* Debug */,
				4949794B1F672BF6005DB65C /* Release */,
			);
			defaultConfigurationIsVisible = 0;
			defaultConfigurationName = Release;
		};
		4949794C1F672BF6005DB65C /* Build configuration list for PBXNativeTarget "ShowcaseTests" */ = {
			isa = XCConfigurationList;
			buildConfigurations = (
				4949794D1F672BF6005DB65C /* Debug */,
				4949794E1F672BF6005DB65C /* Release */,
			);
			defaultConfigurationIsVisible = 0;
			defaultConfigurationName = Release;
		};
		4949794F1F672BF6005DB65C /* Build configuration list for PBXNativeTarget "ShowcaseUITests" */ = {
			isa = XCConfigurationList;
			buildConfigurations = (
				494979501F672BF6005DB65C /* Debug */,
				494979511F672BF6005DB65C /* Release */,
			);
			defaultConfigurationIsVisible = 0;
			defaultConfigurationName = Release;
		};
/* End XCConfigurationList section */
	};
	rootObject = 494979191F672BF4005DB65C /* Project object */;
}
